// !$*UTF8*$!
{
	archiveVersion = 1;
	classes = {
	};
	objectVersion = 46;
	objects = {

/* Begin PBXBuildFile section */
		BF249DC81D2CE4FA00FAF8AB /* OTMPinViewController.swift in Sources */ = {isa = PBXBuildFile; fileRef = BF249DC71D2CE4FA00FAF8AB /* OTMPinViewController.swift */; };
		BF3AB86E1D221D0000BD318B /* AppDelegate.swift in Sources */ = {isa = PBXBuildFile; fileRef = BF3AB86D1D221D0000BD318B /* AppDelegate.swift */; };
		BF3AB8701D221D0000BD318B /* OTMLoginViewController.swift in Sources */ = {isa = PBXBuildFile; fileRef = BF3AB86F1D221D0000BD318B /* OTMLoginViewController.swift */; };
		BF3AB8731D221D0000BD318B /* Main.storyboard in Resources */ = {isa = PBXBuildFile; fileRef = BF3AB8711D221D0000BD318B /* Main.storyboard */; };
		BF3AB8751D221D0000BD318B /* Assets.xcassets in Resources */ = {isa = PBXBuildFile; fileRef = BF3AB8741D221D0000BD318B /* Assets.xcassets */; };
		BF3AB8781D221D0000BD318B /* LaunchScreen.storyboard in Resources */ = {isa = PBXBuildFile; fileRef = BF3AB8761D221D0000BD318B /* LaunchScreen.storyboard */; };
		BF3AB8801D24E6BA00BD318B /* GCDBlackBox.swift in Sources */ = {isa = PBXBuildFile; fileRef = BF3AB87F1D24E6BA00BD318B /* GCDBlackBox.swift */; };
		BF3AB8821D24E73300BD318B /* OTMClient.swift in Sources */ = {isa = PBXBuildFile; fileRef = BF3AB8811D24E73300BD318B /* OTMClient.swift */; };
		BF3AB8841D24E90300BD318B /* OTMConstants.swift in Sources */ = {isa = PBXBuildFile; fileRef = BF3AB8831D24E90300BD318B /* OTMConstants.swift */; };
		BF3AB8861D252A5F00BD318B /* OTMConvenience.swift in Sources */ = {isa = PBXBuildFile; fileRef = BF3AB8851D252A5F00BD318B /* OTMConvenience.swift */; };
		BF3AB88C1D26B3B600BD318B /* OTMMapViewController.swift in Sources */ = {isa = PBXBuildFile; fileRef = BF3AB88B1D26B3B600BD318B /* OTMMapViewController.swift */; };
		BF3AB88E1D27A48B00BD318B /* OTMStudentInformation.swift in Sources */ = {isa = PBXBuildFile; fileRef = BF3AB88D1D27A48B00BD318B /* OTMStudentInformation.swift */; };
		BF3AB8901D28D06500BD318B /* OTMHelper.swift in Sources */ = {isa = PBXBuildFile; fileRef = BF3AB88F1D28D06500BD318B /* OTMHelper.swift */; };
		BF3AB8921D2900D400BD318B /* OTMTableViewController.swift in Sources */ = {isa = PBXBuildFile; fileRef = BF3AB8911D2900D400BD318B /* OTMTableViewController.swift */; };
		BF3BD58D1D372D9100E064EA /* FBSDKCoreKit.framework in Frameworks */ = {isa = PBXBuildFile; fileRef = BF3BD58B1D372D9100E064EA /* FBSDKCoreKit.framework */; };
		BF3BD58E1D372D9100E064EA /* FBSDKLoginKit.framework in Frameworks */ = {isa = PBXBuildFile; fileRef = BF3BD58C1D372D9100E064EA /* FBSDKLoginKit.framework */; };
		BFB832751D313FCA00874181 /* OTMPinNavigationController.swift in Sources */ = {isa = PBXBuildFile; fileRef = BFB832741D313FCA00874181 /* OTMPinNavigationController.swift */; };
		BFFDF9481D33730200067999 /* OTMTableViewCell.swift in Sources */ = {isa = PBXBuildFile; fileRef = BFFDF9471D33730200067999 /* OTMTableViewCell.swift */; };
		BFFDF9521D3375CE00067999 /* OTMDetailMapViewTableViewCell.swift in Sources */ = {isa = PBXBuildFile; fileRef = BFFDF94C1D3375CE00067999 /* OTMDetailMapViewTableViewCell.swift */; };
		BFFDF9531D3375CE00067999 /* OTMDetailNameTableViewCell.swift in Sources */ = {isa = PBXBuildFile; fileRef = BFFDF94D1D3375CE00067999 /* OTMDetailNameTableViewCell.swift */; };
		BFFDF9541D3375CE00067999 /* OTMDetailUrlTableViewCell.swift in Sources */ = {isa = PBXBuildFile; fileRef = BFFDF94E1D3375CE00067999 /* OTMDetailUrlTableViewCell.swift */; };
		BFFDF9551D3375CE00067999 /* OTMDetailViewController.swift in Sources */ = {isa = PBXBuildFile; fileRef = BFFDF94F1D3375CE00067999 /* OTMDetailViewController.swift */; };
		BFFDF9571D3375E200067999 /* OTMMKPointAnnotation.swift in Sources */ = {isa = PBXBuildFile; fileRef = BFFDF9561D3375E200067999 /* OTMMKPointAnnotation.swift */; };
		BFFDF95A1D352F5000067999 /* OTMWebViewController.swift in Sources */ = {isa = PBXBuildFile; fileRef = BFFDF9591D352F4F00067999 /* OTMWebViewController.swift */; };
/* End PBXBuildFile section */

/* Begin PBXFileReference section */
		BF249DC71D2CE4FA00FAF8AB /* OTMPinViewController.swift */ = {isa = PBXFileReference; fileEncoding = 4; lastKnownFileType = sourcecode.swift; path = OTMPinViewController.swift; sourceTree = "<group>"; };
		BF3AB86A1D221D0000BD318B /* OnTheMap.app */ = {isa = PBXFileReference; explicitFileType = wrapper.application; includeInIndex = 0; path = OnTheMap.app; sourceTree = BUILT_PRODUCTS_DIR; };
		BF3AB86D1D221D0000BD318B /* AppDelegate.swift */ = {isa = PBXFileReference; lastKnownFileType = sourcecode.swift; path = AppDelegate.swift; sourceTree = "<group>"; };
		BF3AB86F1D221D0000BD318B /* OTMLoginViewController.swift */ = {isa = PBXFileReference; lastKnownFileType = sourcecode.swift; path = OTMLoginViewController.swift; sourceTree = "<group>"; };
		BF3AB8721D221D0000BD318B /* Base */ = {isa = PBXFileReference; lastKnownFileType = file.storyboard; name = Base; path = Base.lproj/Main.storyboard; sourceTree = "<group>"; };
		BF3AB8741D221D0000BD318B /* Assets.xcassets */ = {isa = PBXFileReference; lastKnownFileType = folder.assetcatalog; path = Assets.xcassets; sourceTree = "<group>"; };
		BF3AB8771D221D0000BD318B /* Base */ = {isa = PBXFileReference; lastKnownFileType = file.storyboard; name = Base; path = Base.lproj/LaunchScreen.storyboard; sourceTree = "<group>"; };
		BF3AB8791D221D0000BD318B /* Info.plist */ = {isa = PBXFileReference; lastKnownFileType = text.plist.xml; path = Info.plist; sourceTree = "<group>"; };
		BF3AB87F1D24E6BA00BD318B /* GCDBlackBox.swift */ = {isa = PBXFileReference; fileEncoding = 4; lastKnownFileType = sourcecode.swift; path = GCDBlackBox.swift; sourceTree = "<group>"; };
		BF3AB8811D24E73300BD318B /* OTMClient.swift */ = {isa = PBXFileReference; fileEncoding = 4; lastKnownFileType = sourcecode.swift; path = OTMClient.swift; sourceTree = "<group>"; };
		BF3AB8831D24E90300BD318B /* OTMConstants.swift */ = {isa = PBXFileReference; fileEncoding = 4; lastKnownFileType = sourcecode.swift; path = OTMConstants.swift; sourceTree = "<group>"; };
		BF3AB8851D252A5F00BD318B /* OTMConvenience.swift */ = {isa = PBXFileReference; fileEncoding = 4; lastKnownFileType = sourcecode.swift; path = OTMConvenience.swift; sourceTree = "<group>"; };
		BF3AB88B1D26B3B600BD318B /* OTMMapViewController.swift */ = {isa = PBXFileReference; fileEncoding = 4; lastKnownFileType = sourcecode.swift; path = OTMMapViewController.swift; sourceTree = "<group>"; };
		BF3AB88D1D27A48B00BD318B /* OTMStudentInformation.swift */ = {isa = PBXFileReference; fileEncoding = 4; lastKnownFileType = sourcecode.swift; path = OTMStudentInformation.swift; sourceTree = "<group>"; };
		BF3AB88F1D28D06500BD318B /* OTMHelper.swift */ = {isa = PBXFileReference; fileEncoding = 4; lastKnownFileType = sourcecode.swift; path = OTMHelper.swift; sourceTree = "<group>"; };
		BF3AB8911D2900D400BD318B /* OTMTableViewController.swift */ = {isa = PBXFileReference; fileEncoding = 4; lastKnownFileType = sourcecode.swift; path = OTMTableViewController.swift; sourceTree = "<group>"; };
		BF3BD58B1D372D9100E064EA /* FBSDKCoreKit.framework */ = {isa = PBXFileReference; lastKnownFileType = wrapper.framework; path = FBSDKCoreKit.framework; sourceTree = "<group>"; };
		BF3BD58C1D372D9100E064EA /* FBSDKLoginKit.framework */ = {isa = PBXFileReference; lastKnownFileType = wrapper.framework; path = FBSDKLoginKit.framework; sourceTree = "<group>"; };
		BF3BD58F1D37300D00E064EA /* FBSDKBridgingHeader.h */ = {isa = PBXFileReference; lastKnownFileType = sourcecode.c.h; path = FBSDKBridgingHeader.h; sourceTree = "<group>"; };
		BFB832741D313FCA00874181 /* OTMPinNavigationController.swift */ = {isa = PBXFileReference; fileEncoding = 4; lastKnownFileType = sourcecode.swift; path = OTMPinNavigationController.swift; sourceTree = "<group>"; };
		BFFDF9471D33730200067999 /* OTMTableViewCell.swift */ = {isa = PBXFileReference; fileEncoding = 4; lastKnownFileType = sourcecode.swift; path = OTMTableViewCell.swift; sourceTree = "<group>"; };
		BFFDF94C1D3375CE00067999 /* OTMDetailMapViewTableViewCell.swift */ = {isa = PBXFileReference; fileEncoding = 4; lastKnownFileType = sourcecode.swift; path = OTMDetailMapViewTableViewCell.swift; sourceTree = "<group>"; };
		BFFDF94D1D3375CE00067999 /* OTMDetailNameTableViewCell.swift */ = {isa = PBXFileReference; fileEncoding = 4; lastKnownFileType = sourcecode.swift; path = OTMDetailNameTableViewCell.swift; sourceTree = "<group>"; };
		BFFDF94E1D3375CE00067999 /* OTMDetailUrlTableViewCell.swift */ = {isa = PBXFileReference; fileEncoding = 4; lastKnownFileType = sourcecode.swift; path = OTMDetailUrlTableViewCell.swift; sourceTree = "<group>"; };
		BFFDF94F1D3375CE00067999 /* OTMDetailViewController.swift */ = {isa = PBXFileReference; fileEncoding = 4; lastKnownFileType = sourcecode.swift; path = OTMDetailViewController.swift; sourceTree = "<group>"; };
		BFFDF9561D3375E200067999 /* OTMMKPointAnnotation.swift */ = {isa = PBXFileReference; fileEncoding = 4; lastKnownFileType = sourcecode.swift; path = OTMMKPointAnnotation.swift; sourceTree = "<group>"; };
		BFFDF9591D352F4F00067999 /* OTMWebViewController.swift */ = {isa = PBXFileReference; fileEncoding = 4; lastKnownFileType = sourcecode.swift; path = OTMWebViewController.swift; sourceTree = "<group>"; };
/* End PBXFileReference section */

/* Begin PBXFrameworksBuildPhase section */
		BF3AB8671D221D0000BD318B /* Frameworks */ = {
			isa = PBXFrameworksBuildPhase;
			buildActionMask = 2147483647;
			files = (
				BF3BD58E1D372D9100E064EA /* FBSDKLoginKit.framework in Frameworks */,
				BF3BD58D1D372D9100E064EA /* FBSDKCoreKit.framework in Frameworks */,
			);
			runOnlyForDeploymentPostprocessing = 0;
		};
/* End PBXFrameworksBuildPhase section */

/* Begin PBXGroup section */
		BF3AB8611D221D0000BD318B = {
			isa = PBXGroup;
			children = (
				BF3AB86C1D221D0000BD318B /* OnTheMap */,
				BF3AB86B1D221D0000BD318B /* Products */,
			);
			sourceTree = "<group>";
		};
		BF3AB86B1D221D0000BD318B /* Products */ = {
			isa = PBXGroup;
			children = (
				BF3AB86A1D221D0000BD318B /* OnTheMap.app */,
			);
			name = Products;
			sourceTree = "<group>";
		};
		BF3AB86C1D221D0000BD318B /* OnTheMap */ = {
			isa = PBXGroup;
			children = (
				BF3AB86D1D221D0000BD318B /* AppDelegate.swift */,
				BF3AB87F1D24E6BA00BD318B /* GCDBlackBox.swift */,
				BF3AB88A1D26B31700BD318B /* Clients */,
				BF3AB8871D26B26600BD318B /* View Controller */,
				BF3AB8891D26B2F300BD318B /* Supporting Files */,
				BF3AB8881D26B2CA00BD318B /* Assets */,
			);
			path = OnTheMap;
			sourceTree = "<group>";
		};
		BF3AB8871D26B26600BD318B /* View Controller */ = {
			isa = PBXGroup;
			children = (
				BFFDF9581D3375EB00067999 /* Sub View */,
				BF3AB86F1D221D0000BD318B /* OTMLoginViewController.swift */,
				BF3AB88B1D26B3B600BD318B /* OTMMapViewController.swift */,
				BF3AB8911D2900D400BD318B /* OTMTableViewController.swift */,
				BFFDF94F1D3375CE00067999 /* OTMDetailViewController.swift */,
				BFFDF9591D352F4F00067999 /* OTMWebViewController.swift */,
				BFB832741D313FCA00874181 /* OTMPinNavigationController.swift */,
				BF249DC71D2CE4FA00FAF8AB /* OTMPinViewController.swift */,
				BFFDF9471D33730200067999 /* OTMTableViewCell.swift */,
			);
			name = "View Controller";
			sourceTree = "<group>";
		};
		BF3AB8881D26B2CA00BD318B /* Assets */ = {
			isa = PBXGroup;
			children = (
				BF3AB8761D221D0000BD318B /* LaunchScreen.storyboard */,
				BF3AB8741D221D0000BD318B /* Assets.xcassets */,
				BF3AB8711D221D0000BD318B /* Main.storyboard */,
			);
			name = Assets;
			sourceTree = "<group>";
		};
		BF3AB8891D26B2F300BD318B /* Supporting Files */ = {
			isa = PBXGroup;
			children = (
				BF3BD58F1D37300D00E064EA /* FBSDKBridgingHeader.h */,
				BF3BD58B1D372D9100E064EA /* FBSDKCoreKit.framework */,
				BF3BD58C1D372D9100E064EA /* FBSDKLoginKit.framework */,
				BF3AB8791D221D0000BD318B /* Info.plist */,
			);
			name = "Supporting Files";
			sourceTree = "<group>";
		};
		BF3AB88A1D26B31700BD318B /* Clients */ = {
			isa = PBXGroup;
			children = (
				BF3AB8831D24E90300BD318B /* OTMConstants.swift */,
				BF3AB8811D24E73300BD318B /* OTMClient.swift */,
				BF3AB8851D252A5F00BD318B /* OTMConvenience.swift */,
				BF3AB88D1D27A48B00BD318B /* OTMStudentInformation.swift */,
			);
			name = Clients;
			sourceTree = "<group>";
		};
		BFFDF9491D33759700067999 /* Table View Cell */ = {
			isa = PBXGroup;
			children = (
				BFFDF94D1D3375CE00067999 /* OTMDetailNameTableViewCell.swift */,
				BFFDF94C1D3375CE00067999 /* OTMDetailMapViewTableViewCell.swift */,
				BFFDF94E1D3375CE00067999 /* OTMDetailUrlTableViewCell.swift */,
			);
			name = "Table View Cell";
			sourceTree = "<group>";
		};
		BFFDF9581D3375EB00067999 /* Sub View */ = {
			isa = PBXGroup;
			children = (
				BFFDF9491D33759700067999 /* Table View Cell */,
				BFFDF9561D3375E200067999 /* OTMMKPointAnnotation.swift */,
				BF3AB88F1D28D06500BD318B /* OTMHelper.swift */,
			);
			name = "Sub View";
			sourceTree = "<group>";
		};
/* End PBXGroup section */

/* Begin PBXNativeTarget section */
		BF3AB8691D221D0000BD318B /* OnTheMap */ = {
			isa = PBXNativeTarget;
			buildConfigurationList = BF3AB87C1D221D0000BD318B /* Build configuration list for PBXNativeTarget "OnTheMap" */;
			buildPhases = (
				BF3AB8661D221D0000BD318B /* Sources */,
				BF3AB8671D221D0000BD318B /* Frameworks */,
				BF3AB8681D221D0000BD318B /* Resources */,
			);
			buildRules = (
			);
			dependencies = (
			);
			name = OnTheMap;
			productName = OnTheMap;
			productReference = BF3AB86A1D221D0000BD318B /* OnTheMap.app */;
			productType = "com.apple.product-type.application";
		};
/* End PBXNativeTarget section */

/* Begin PBXProject section */
		BF3AB8621D221D0000BD318B /* Project object */ = {
			isa = PBXProject;
			attributes = {
				LastSwiftUpdateCheck = 0730;
				LastUpgradeCheck = 0730;
				ORGANIZATIONNAME = Jun.Yuan;
				TargetAttributes = {
					BF3AB8691D221D0000BD318B = {
						CreatedOnToolsVersion = 7.3.1;
						DevelopmentTeam = H538546BFP;
					};
				};
			};
			buildConfigurationList = BF3AB8651D221D0000BD318B /* Build configuration list for PBXProject "OnTheMap" */;
			compatibilityVersion = "Xcode 3.2";
			developmentRegion = English;
			hasScannedForEncodings = 0;
			knownRegions = (
				en,
				Base,
			);
			mainGroup = BF3AB8611D221D0000BD318B;
			productRefGroup = BF3AB86B1D221D0000BD318B /* Products */;
			projectDirPath = "";
			projectRoot = "";
			targets = (
				BF3AB8691D221D0000BD318B /* OnTheMap */,
			);
		};
/* End PBXProject section */

/* Begin PBXResourcesBuildPhase section */
		BF3AB8681D221D0000BD318B /* Resources */ = {
			isa = PBXResourcesBuildPhase;
			buildActionMask = 2147483647;
			files = (
				BF3AB8781D221D0000BD318B /* LaunchScreen.storyboard in Resources */,
				BF3AB8751D221D0000BD318B /* Assets.xcassets in Resources */,
				BF3AB8731D221D0000BD318B /* Main.storyboard in Resources */,
			);
			runOnlyForDeploymentPostprocessing = 0;
		};
/* End PBXResourcesBuildPhase section */

/* Begin PBXSourcesBuildPhase section */
		BF3AB8661D221D0000BD318B /* Sources */ = {
			isa = PBXSourcesBuildPhase;
			buildActionMask = 2147483647;
			files = (
				BF3AB8701D221D0000BD318B /* OTMLoginViewController.swift in Sources */,
				BF3AB8821D24E73300BD318B /* OTMClient.swift in Sources */,
				BF3AB8801D24E6BA00BD318B /* GCDBlackBox.swift in Sources */,
				BFFDF9551D3375CE00067999 /* OTMDetailViewController.swift in Sources */,
				BFFDF9531D3375CE00067999 /* OTMDetailNameTableViewCell.swift in Sources */,
				BF249DC81D2CE4FA00FAF8AB /* OTMPinViewController.swift in Sources */,
				BFFDF9541D3375CE00067999 /* OTMDetailUrlTableViewCell.swift in Sources */,
				BFFDF9521D3375CE00067999 /* OTMDetailMapViewTableViewCell.swift in Sources */,
				BFFDF95A1D352F5000067999 /* OTMWebViewController.swift in Sources */,
				BF3AB8921D2900D400BD318B /* OTMTableViewController.swift in Sources */,
				BF3AB8841D24E90300BD318B /* OTMConstants.swift in Sources */,
				BF3AB8861D252A5F00BD318B /* OTMConvenience.swift in Sources */,
				BF3AB8901D28D06500BD318B /* OTMHelper.swift in Sources */,
				BFFDF9571D3375E200067999 /* OTMMKPointAnnotation.swift in Sources */,
				BFB832751D313FCA00874181 /* OTMPinNavigationController.swift in Sources */,
				BF3AB88E1D27A48B00BD318B /* OTMStudentInformation.swift in Sources */,
				BF3AB86E1D221D0000BD318B /* AppDelegate.swift in Sources */,
				BF3AB88C1D26B3B600BD318B /* OTMMapViewController.swift in Sources */,
				BFFDF9481D33730200067999 /* OTMTableViewCell.swift in Sources */,
			);
			runOnlyForDeploymentPostprocessing = 0;
		};
/* End PBXSourcesBuildPhase section */

/* Begin PBXVariantGroup section */
		BF3AB8711D221D0000BD318B /* Main.storyboard */ = {
			isa = PBXVariantGroup;
			children = (
				BF3AB8721D221D0000BD318B /* Base */,
			);
			name = Main.storyboard;
			sourceTree = "<group>";
		};
		BF3AB8761D221D0000BD318B /* LaunchScreen.storyboard */ = {
			isa = PBXVariantGroup;
			children = (
				BF3AB8771D221D0000BD318B /* Base */,
			);
			name = LaunchScreen.storyboard;
			sourceTree = "<group>";
		};
/* End PBXVariantGroup section */

/* Begin XCBuildConfiguration section */
		BF3AB87A1D221D0000BD318B /* Debug */ = {
			isa = XCBuildConfiguration;
			buildSettings = {
				ALWAYS_SEARCH_USER_PATHS = NO;
				CLANG_ANALYZER_NONNULL = YES;
				CLANG_CXX_LANGUAGE_STANDARD = "gnu++0x";
				CLANG_CXX_LIBRARY = "libc++";
				CLANG_ENABLE_MODULES = YES;
				CLANG_ENABLE_OBJC_ARC = YES;
				CLANG_WARN_BOOL_CONVERSION = YES;
				CLANG_WARN_CONSTANT_CONVERSION = YES;
				CLANG_WARN_DIRECT_OBJC_ISA_USAGE = YES_ERROR;
				CLANG_WARN_EMPTY_BODY = YES;
				CLANG_WARN_ENUM_CONVERSION = YES;
				CLANG_WARN_INT_CONVERSION = YES;
				CLANG_WARN_OBJC_ROOT_CLASS = YES_ERROR;
				CLANG_WARN_UNREACHABLE_CODE = YES;
				CLANG_WARN__DUPLICATE_METHOD_MATCH = YES;
				"CODE_SIGN_IDENTITY[sdk=iphoneos*]" = "iPhone Developer";
				COPY_PHASE_STRIP = NO;
				DEBUG_INFORMATION_FORMAT = dwarf;
				ENABLE_STRICT_OBJC_MSGSEND = YES;
				ENABLE_TESTABILITY = YES;
				GCC_C_LANGUAGE_STANDARD = gnu99;
				GCC_DYNAMIC_NO_PIC = NO;
				GCC_NO_COMMON_BLOCKS = YES;
				GCC_OPTIMIZATION_LEVEL = 0;
				GCC_PREPROCESSOR_DEFINITIONS = (
					"DEBUG=1",
					"$(inherited)",
				);
				GCC_WARN_64_TO_32_BIT_CONVERSION = YES;
				GCC_WARN_ABOUT_RETURN_TYPE = YES_ERROR;
				GCC_WARN_UNDECLARED_SELECTOR = YES;
				GCC_WARN_UNINITIALIZED_AUTOS = YES_AGGRESSIVE;
				GCC_WARN_UNUSED_FUNCTION = YES;
				GCC_WARN_UNUSED_VARIABLE = YES;
				IPHONEOS_DEPLOYMENT_TARGET = 9.3;
				MTL_ENABLE_DEBUG_INFO = YES;
				ONLY_ACTIVE_ARCH = YES;
				SDKROOT = iphoneos;
				SWIFT_OPTIMIZATION_LEVEL = "-Onone";
				TARGETED_DEVICE_FAMILY = "1,2";
			};
			name = Debug;
		};
		BF3AB87B1D221D0000BD318B /* Release */ = {
			isa = XCBuildConfiguration;
			buildSettings = {
				ALWAYS_SEARCH_USER_PATHS = NO;
				CLANG_ANALYZER_NONNULL = YES;
				CLANG_CXX_LANGUAGE_STANDARD = "gnu++0x";
				CLANG_CXX_LIBRARY = "libc++";
				CLANG_ENABLE_MODULES = YES;
				CLANG_ENABLE_OBJC_ARC = YES;
				CLANG_WARN_BOOL_CONVERSION = YES;
				CLANG_WARN_CONSTANT_CONVERSION = YES;
				CLANG_WARN_DIRECT_OBJC_ISA_USAGE = YES_ERROR;
				CLANG_WARN_EMPTY_BODY = YES;
				CLANG_WARN_ENUM_CONVERSION = YES;
				CLANG_WARN_INT_CONVERSION = YES;
				CLANG_WARN_OBJC_ROOT_CLASS = YES_ERROR;
				CLANG_WARN_UNREACHABLE_CODE = YES;
				CLANG_WARN__DUPLICATE_METHOD_MATCH = YES;
				"CODE_SIGN_IDENTITY[sdk=iphoneos*]" = "iPhone Developer";
				COPY_PHASE_STRIP = NO;
				DEBUG_INFORMATION_FORMAT = "dwarf-with-dsym";
				ENABLE_NS_ASSERTIONS = NO;
				ENABLE_STRICT_OBJC_MSGSEND = YES;
				GCC_C_LANGUAGE_STANDARD = gnu99;
				GCC_NO_COMMON_BLOCKS = YES;
				GCC_WARN_64_TO_32_BIT_CONVERSION = YES;
				GCC_WARN_ABOUT_RETURN_TYPE = YES_ERROR;
				GCC_WARN_UNDECLARED_SELECTOR = YES;
				GCC_WARN_UNINITIALIZED_AUTOS = YES_AGGRESSIVE;
				GCC_WARN_UNUSED_FUNCTION = YES;
				GCC_WARN_UNUSED_VARIABLE = YES;
				IPHONEOS_DEPLOYMENT_TARGET = 9.3;
				MTL_ENABLE_DEBUG_INFO = NO;
				SDKROOT = iphoneos;
				TARGETED_DEVICE_FAMILY = "1,2";
				VALIDATE_PRODUCT = YES;
			};
			name = Release;
		};
		BF3AB87D1D221D0000BD318B /* Debug */ = {
			isa = XCBuildConfiguration;
			buildSettings = {
				ASSETCATALOG_COMPILER_APPICON_NAME = AppIcon;
				CODE_SIGN_IDENTITY = "iPhone Developer";
				"CODE_SIGN_IDENTITY[sdk=iphoneos*]" = "iPhone Developer";
				FRAMEWORK_SEARCH_PATHS = (
					"$(inherited)",
					"$(PROJECT_DIR)/OnTheMap",
				);
				INFOPLIST_FILE = OnTheMap/Info.plist;
				LD_RUNPATH_SEARCH_PATHS = "$(inherited) @executable_path/Frameworks";
				PRODUCT_BUNDLE_IDENTIFIER = com.yuanjun.OnTheMap;
				PRODUCT_NAME = "$(TARGET_NAME)";
				PROVISIONING_PROFILE = "";
				SWIFT_OBJC_BRIDGING_HEADER = OnTheMap/FBSDKBridgingHeader.h;
				TARGETED_DEVICE_FAMILY = 1;
			};
			name = Debug;
		};
		BF3AB87E1D221D0000BD318B /* Release */ = {
			isa = XCBuildConfiguration;
			buildSettings = {
				ASSETCATALOG_COMPILER_APPICON_NAME = AppIcon;
				CODE_SIGN_IDENTITY = "iPhone Developer";
				"CODE_SIGN_IDENTITY[sdk=iphoneos*]" = "iPhone Developer";
				FRAMEWORK_SEARCH_PATHS = (
					"$(inherited)",
					"$(PROJECT_DIR)/OnTheMap",
				);
				INFOPLIST_FILE = OnTheMap/Info.plist;
				LD_RUNPATH_SEARCH_PATHS = "$(inherited) @executable_path/Frameworks";
				PRODUCT_BUNDLE_IDENTIFIER = com.yuanjun.OnTheMap;
				PRODUCT_NAME = "$(TARGET_NAME)";
				PROVISIONING_PROFILE = "";
				SWIFT_OBJC_BRIDGING_HEADER = OnTheMap/FBSDKBridgingHeader.h;
				TARGETED_DEVICE_FAMILY = 1;
			};
			name = Release;
		};
/* End XCBuildConfiguration section */

/* Begin XCConfigurationList section */
		BF3AB8651D221D0000BD318B /* Build configuration list for PBXProject "OnTheMap" */ = {
			isa = XCConfigurationList;
			buildConfigurations = (
				BF3AB87A1D221D0000BD318B /* Debug */,
				BF3AB87B1D221D0000BD318B /* Release */,
			);
			defaultConfigurationIsVisible = 0;
			defaultConfigurationName = Release;
		};
		BF3AB87C1D221D0000BD318B /* Build configuration list for PBXNativeTarget "OnTheMap" */ = {
			isa = XCConfigurationList;
			buildConfigurations = (
				BF3AB87D1D221D0000BD318B /* Debug */,
				BF3AB87E1D221D0000BD318B /* Release */,
			);
			defaultConfigurationIsVisible = 0;
			defaultConfigurationName = Release;
		};
/* End XCConfigurationList section */
	};
	rootObject = BF3AB8621D221D0000BD318B /* Project object */;
}
